
Microsoft Visual Studio Solution File, Format Version 12.00
# Visual Studio Version 16
VisualStudioVersion = 16.0.30413.136
MinimumVisualStudioVersion = 10.0.40219.1
Project("{FAE04EC0-301F-11D3-BF4B-00C04F79EFBC}") = "DocghifileXML", "DocghifileXML\DocghifileXML.csproj", "{8E76FDD6-A0C8-4DB0-9ECE-452860136FAC}"
EndProject
Global
	GlobalSection(SolutionConfigurationPlatforms) = preSolution
		Debug|Any CPU = Debug|Any CPU
		Release|Any CPU = Release|Any CPU
	EndGlobalSection
	GlobalSection(ProjectConfigurationPlatforms) = postSolution
		{8E76FDD6-A0C8-4DB0-9ECE-452860136FAC}.Debug|Any CPU.ActiveCfg = Debug|Any CPU
		{8E76FDD6-A0C8-4DB0-9ECE-452860136FAC}.Debug|Any CPU.Build.0 = Debug|Any CPU
		{8E76FDD6-A0C8-4DB0-9ECE-452860136FAC}.Release|Any CPU.ActiveCfg = Release|Any CPU
		{8E76FDD6-A0C8-4DB0-9ECE-452860136FAC}.Release|Any CPU.Build.0 = Release|Any CPU
	EndGlobalSection
	GlobalSection(SolutionProperties) = preSolution
		HideSolutionNode = FALSE
	EndGlobalSection
	GlobalSection(ExtensibilityGlobals) = postSolution
		SolutionGuid = {7D503647-D159-4972-B376-BBBD7AE520F8}
	EndGlobalSection
EndGlobal
